
Microsoft Visual Studio Solution File, Format Version 12.00
# Visual Studio Version 17
VisualStudioVersion = 17.0.32112.339
MinimumVisualStudioVersion = 10.0.40219.1
Project("{9A19103F-16F7-4668-BE54-9A1E7A4F7556}") = "Placeholder.Website", "Placeholder.Website\Placeholder.Website.csproj", "{8FFA600A-B7C0-4A08-8690-CEFA8C0CEBBF}"
EndProject
Project("{2150E333-8FDC-42A3-9474-1A3956D46DE8}") = "Presentation", "Presentation", "{6807A600-E17F-11EB-930E-B9A750D8AD58}"
EndProject
Project("{2150E333-8FDC-42A3-9474-1A3956D46DE8}") = "Plugins", "Plugins", "{AF0B50F0-E180-11EB-930E-B9A750D8AD58}"
EndProject
Project("{2150E333-8FDC-42A3-9474-1A3956D46DE8}") = "Infrastructure", "Infrastructure", "{D1C73510-E1AC-11EB-BDA8-5B6307CF2F04}"
EndProject
Project("{9A19103F-16F7-4668-BE54-9A1E7A4F7556}") = "Placeholder.Primary", "Placeholder.Primary\Placeholder.Primary.csproj", "{98A30F48-E48B-47D2-AB90-F779323C901A}"
EndProject
Project("{9A19103F-16F7-4668-BE54-9A1E7A4F7556}") = "Placeholder.Plugins.SystemMonitor", "Placeholder.Plugins.SystemMonitor\Placeholder.Plugins.SystemMonitor.csproj", "{C522BD6E-D9C8-433F-B565-B9B17470C7BE}"
EndProject
Project("{9A19103F-16F7-4668-BE54-9A1E7A4F7556}") = "Placeholder.Plugins.DataSync", "Placeholder.Plugins.DataSync\Placeholder.Plugins.DataSync.csproj", "{4C42795E-3D46-4EFA-B9D8-8BCC6D1EF472}"
EndProject
Project("{9A19103F-16F7-4668-BE54-9A1E7A4F7556}") = "Placeholder.Data.Sql", "Placeholder.Data.Sql\Placeholder.Data.Sql.csproj", "{58F3C407-D0E0-401C-9A3B-AF4B97988028}"
EndProject
Project("{9A19103F-16F7-4668-BE54-9A1E7A4F7556}") = "Placeholder.Common", "Placeholder.Common\Placeholder.Common.csproj", "{5A14198B-CEFF-4261-8E2D-463924F7B79F}"
EndProject
Project("{9A19103F-16F7-4668-BE54-9A1E7A4F7556}") = "Placeholder.Domain", "Placeholder.Domain\Placeholder.Domain.csproj", "{423D2933-425C-4F1B-BA73-AD5CBF1D67C6}"
EndProject
Project("{9A19103F-16F7-4668-BE54-9A1E7A4F7556}") = "Placeholder.SDK.Shared", "Placeholder.SDK.Shared\Placeholder.SDK.Shared.csproj", "{E6BD65C3-67F0-4DCE-AEA2-CFAD0FC7F29B}"
EndProject
Project("{9A19103F-16F7-4668-BE54-9A1E7A4F7556}") = "Placeholder.SDK.Client", "Placeholder.SDK.Client\Placeholder.SDK.Client.csproj", "{2F0A3C5F-E3E0-4004-B848-6372C822C312}"
EndProject
Project("{2150E333-8FDC-42A3-9474-1A3956D46DE8}") = "SDK", "SDK", "{220BC610-E50B-11EB-8FD5-1196639B940D}"
EndProject
Project("{9A19103F-16F7-4668-BE54-9A1E7A4F7556}") = "Placeholder.Plugins.RestApi", "Placeholder.Plugins.RestApi\Placeholder.Plugins.RestApi.csproj", "{FECE6EC4-0110-433A-A74B-D99EACC61F6B}"
EndProject
Project("{9A19103F-16F7-4668-BE54-9A1E7A4F7556}") = "Placeholder.Web", "Placeholder.Web\Placeholder.Web.csproj", "{C13866AC-A459-4F48-9775-FE0F6552961B}"
EndProject
Project("{9A19103F-16F7-4668-BE54-9A1E7A4F7556}") = "Placeholder.SDK.WebGen", "Placeholder.SDK.WebGen\Placeholder.SDK.WebGen.csproj", "{7D3B15D4-52EC-43A8-B3B0-F2F28D7E1353}"
EndProject
Project("{9A19103F-16F7-4668-BE54-9A1E7A4F7556}") = "Placeholder.Plugins.Azure", "Placeholder.Plugins.Azure\Placeholder.Plugins.Azure.csproj", "{C91C6BE8-4487-4FA4-AFC3-7202957ACA77}"
EndProject
Global
	GlobalSection(SolutionConfigurationPlatforms) = preSolution
		Debug|Any CPU = Debug|Any CPU
		Debug|x64 = Debug|x64
		Debug|x86 = Debug|x86
		Release|Any CPU = Release|Any CPU
		Release|x64 = Release|x64
		Release|x86 = Release|x86
	EndGlobalSection
	GlobalSection(ProjectConfigurationPlatforms) = postSolution
		{8FFA600A-B7C0-4A08-8690-CEFA8C0CEBBF}.Debug|Any CPU.ActiveCfg = Debug|Any CPU
		{8FFA600A-B7C0-4A08-8690-CEFA8C0CEBBF}.Debug|Any CPU.Build.0 = Debug|Any CPU
		{8FFA600A-B7C0-4A08-8690-CEFA8C0CEBBF}.Debug|x64.ActiveCfg = Debug|Any CPU
		{8FFA600A-B7C0-4A08-8690-CEFA8C0CEBBF}.Debug|x64.Build.0 = Debug|Any CPU
		{8FFA600A-B7C0-4A08-8690-CEFA8C0CEBBF}.Debug|x86.ActiveCfg = Debug|Any CPU
		{8FFA600A-B7C0-4A08-8690-CEFA8C0CEBBF}.Debug|x86.Build.0 = Debug|Any CPU
		{8FFA600A-B7C0-4A08-8690-CEFA8C0CEBBF}.Release|Any CPU.ActiveCfg = Release|Any CPU
		{8FFA600A-B7C0-4A08-8690-CEFA8C0CEBBF}.Release|Any CPU.Build.0 = Release|Any CPU
		{8FFA600A-B7C0-4A08-8690-CEFA8C0CEBBF}.Release|x64.ActiveCfg = Release|Any CPU
		{8FFA600A-B7C0-4A08-8690-CEFA8C0CEBBF}.Release|x64.Build.0 = Release|Any CPU
		{8FFA600A-B7C0-4A08-8690-CEFA8C0CEBBF}.Release|x86.ActiveCfg = Release|Any CPU
		{8FFA600A-B7C0-4A08-8690-CEFA8C0CEBBF}.Release|x86.Build.0 = Release|Any CPU
		{98A30F48-E48B-47D2-AB90-F779323C901A}.Debug|Any CPU.ActiveCfg = Debug|Any CPU
		{98A30F48-E48B-47D2-AB90-F779323C901A}.Debug|Any CPU.Build.0 = Debug|Any CPU
		{98A30F48-E48B-47D2-AB90-F779323C901A}.Debug|x64.ActiveCfg = Debug|Any CPU
		{98A30F48-E48B-47D2-AB90-F779323C901A}.Debug|x64.Build.0 = Debug|Any CPU
		{98A30F48-E48B-47D2-AB90-F779323C901A}.Debug|x86.ActiveCfg = Debug|Any CPU
		{98A30F48-E48B-47D2-AB90-F779323C901A}.Debug|x86.Build.0 = Debug|Any CPU
		{98A30F48-E48B-47D2-AB90-F779323C901A}.Release|Any CPU.ActiveCfg = Release|Any CPU
		{98A30F48-E48B-47D2-AB90-F779323C901A}.Release|Any CPU.Build.0 = Release|Any CPU
		{98A30F48-E48B-47D2-AB90-F779323C901A}.Release|x64.ActiveCfg = Release|Any CPU
		{98A30F48-E48B-47D2-AB90-F779323C901A}.Release|x64.Build.0 = Release|Any CPU
		{98A30F48-E48B-47D2-AB90-F779323C901A}.Release|x86.ActiveCfg = Release|Any CPU
		{98A30F48-E48B-47D2-AB90-F779323C901A}.Release|x86.Build.0 = Release|Any CPU
		{C522BD6E-D9C8-433F-B565-B9B17470C7BE}.Debug|Any CPU.ActiveCfg = Debug|Any CPU
		{C522BD6E-D9C8-433F-B565-B9B17470C7BE}.Debug|Any CPU.Build.0 = Debug|Any CPU
		{C522BD6E-D9C8-433F-B565-B9B17470C7BE}.Debug|x64.ActiveCfg = Debug|Any CPU
		{C522BD6E-D9C8-433F-B565-B9B17470C7BE}.Debug|x64.Build.0 = Debug|Any CPU
		{C522BD6E-D9C8-433F-B565-B9B17470C7BE}.Debug|x86.ActiveCfg = Debug|Any CPU
		{C522BD6E-D9C8-433F-B565-B9B17470C7BE}.Debug|x86.Build.0 = Debug|Any CPU
		{C522BD6E-D9C8-433F-B565-B9B17470C7BE}.Release|Any CPU.ActiveCfg = Release|Any CPU
		{C522BD6E-D9C8-433F-B565-B9B17470C7BE}.Release|Any CPU.Build.0 = Release|Any CPU
		{C522BD6E-D9C8-433F-B565-B9B17470C7BE}.Release|x64.ActiveCfg = Release|Any CPU
		{C522BD6E-D9C8-433F-B565-B9B17470C7BE}.Release|x64.Build.0 = Release|Any CPU
		{C522BD6E-D9C8-433F-B565-B9B17470C7BE}.Release|x86.ActiveCfg = Release|Any CPU
		{C522BD6E-D9C8-433F-B565-B9B17470C7BE}.Release|x86.Build.0 = Release|Any CPU
		{4C42795E-3D46-4EFA-B9D8-8BCC6D1EF472}.Debug|Any CPU.ActiveCfg = Debug|Any CPU
		{4C42795E-3D46-4EFA-B9D8-8BCC6D1EF472}.Debug|Any CPU.Build.0 = Debug|Any CPU
		{4C42795E-3D46-4EFA-B9D8-8BCC6D1EF472}.Debug|x64.ActiveCfg = Debug|Any CPU
		{4C42795E-3D46-4EFA-B9D8-8BCC6D1EF472}.Debug|x64.Build.0 = Debug|Any CPU
		{4C42795E-3D46-4EFA-B9D8-8BCC6D1EF472}.Debug|x86.ActiveCfg = Debug|Any CPU
		{4C42795E-3D46-4EFA-B9D8-8BCC6D1EF472}.Debug|x86.Build.0 = Debug|Any CPU
		{4C42795E-3D46-4EFA-B9D8-8BCC6D1EF472}.Release|Any CPU.ActiveCfg = Release|Any CPU
		{4C42795E-3D46-4EFA-B9D8-8BCC6D1EF472}.Release|Any CPU.Build.0 = Release|Any CPU
		{4C42795E-3D46-4EFA-B9D8-8BCC6D1EF472}.Release|x64.ActiveCfg = Release|Any CPU
		{4C42795E-3D46-4EFA-B9D8-8BCC6D1EF472}.Release|x64.Build.0 = Release|Any CPU
		{4C42795E-3D46-4EFA-B9D8-8BCC6D1EF472}.Release|x86.ActiveCfg = Release|Any CPU
		{4C42795E-3D46-4EFA-B9D8-8BCC6D1EF472}.Release|x86.Build.0 = Release|Any CPU
		{58F3C407-D0E0-401C-9A3B-AF4B97988028}.Debug|Any CPU.ActiveCfg = Debug|Any CPU
		{58F3C407-D0E0-401C-9A3B-AF4B97988028}.Debug|Any CPU.Build.0 = Debug|Any CPU
		{58F3C407-D0E0-401C-9A3B-AF4B97988028}.Debug|x64.ActiveCfg = Debug|Any CPU
		{58F3C407-D0E0-401C-9A3B-AF4B97988028}.Debug|x64.Build.0 = Debug|Any CPU
		{58F3C407-D0E0-401C-9A3B-AF4B97988028}.Debug|x86.ActiveCfg = Debug|Any CPU
		{58F3C407-D0E0-401C-9A3B-AF4B97988028}.Debug|x86.Build.0 = Debug|Any CPU
		{58F3C407-D0E0-401C-9A3B-AF4B97988028}.Release|Any CPU.ActiveCfg = Release|Any CPU
		{58F3C407-D0E0-401C-9A3B-AF4B97988028}.Release|Any CPU.Build.0 = Release|Any CPU
		{58F3C407-D0E0-401C-9A3B-AF4B97988028}.Release|x64.ActiveCfg = Release|Any CPU
		{58F3C407-D0E0-401C-9A3B-AF4B97988028}.Release|x64.Build.0 = Release|Any CPU
		{58F3C407-D0E0-401C-9A3B-AF4B97988028}.Release|x86.ActiveCfg = Release|Any CPU
		{58F3C407-D0E0-401C-9A3B-AF4B97988028}.Release|x86.Build.0 = Release|Any CPU
		{5A14198B-CEFF-4261-8E2D-463924F7B79F}.Debug|Any CPU.ActiveCfg = Debug|Any CPU
		{5A14198B-CEFF-4261-8E2D-463924F7B79F}.Debug|Any CPU.Build.0 = Debug|Any CPU
		{5A14198B-CEFF-4261-8E2D-463924F7B79F}.Debug|x64.ActiveCfg = Debug|Any CPU
		{5A14198B-CEFF-4261-8E2D-463924F7B79F}.Debug|x64.Build.0 = Debug|Any CPU
		{5A14198B-CEFF-4261-8E2D-463924F7B79F}.Debug|x86.ActiveCfg = Debug|Any CPU
		{5A14198B-CEFF-4261-8E2D-463924F7B79F}.Debug|x86.Build.0 = Debug|Any CPU
		{5A14198B-CEFF-4261-8E2D-463924F7B79F}.Release|Any CPU.ActiveCfg = Release|Any CPU
		{5A14198B-CEFF-4261-8E2D-463924F7B79F}.Release|Any CPU.Build.0 = Release|Any CPU
		{5A14198B-CEFF-4261-8E2D-463924F7B79F}.Release|x64.ActiveCfg = Release|Any CPU
		{5A14198B-CEFF-4261-8E2D-463924F7B79F}.Release|x64.Build.0 = Release|Any CPU
		{5A14198B-CEFF-4261-8E2D-463924F7B79F}.Release|x86.ActiveCfg = Release|Any CPU
		{5A14198B-CEFF-4261-8E2D-463924F7B79F}.Release|x86.Build.0 = Release|Any CPU
		{423D2933-425C-4F1B-BA73-AD5CBF1D67C6}.Debug|Any CPU.ActiveCfg = Debug|Any CPU
		{423D2933-425C-4F1B-BA73-AD5CBF1D67C6}.Debug|Any CPU.Build.0 = Debug|Any CPU
		{423D2933-425C-4F1B-BA73-AD5CBF1D67C6}.Debug|x64.ActiveCfg = Debug|Any CPU
		{423D2933-425C-4F1B-BA73-AD5CBF1D67C6}.Debug|x64.Build.0 = Debug|Any CPU
		{423D2933-425C-4F1B-BA73-AD5CBF1D67C6}.Debug|x86.ActiveCfg = Debug|Any CPU
		{423D2933-425C-4F1B-BA73-AD5CBF1D67C6}.Debug|x86.Build.0 = Debug|Any CPU
		{423D2933-425C-4F1B-BA73-AD5CBF1D67C6}.Release|Any CPU.ActiveCfg = Release|Any CPU
		{423D2933-425C-4F1B-BA73-AD5CBF1D67C6}.Release|Any CPU.Build.0 = Release|Any CPU
		{423D2933-425C-4F1B-BA73-AD5CBF1D67C6}.Release|x64.ActiveCfg = Release|Any CPU
		{423D2933-425C-4F1B-BA73-AD5CBF1D67C6}.Release|x64.Build.0 = Release|Any CPU
		{423D2933-425C-4F1B-BA73-AD5CBF1D67C6}.Release|x86.ActiveCfg = Release|Any CPU
		{423D2933-425C-4F1B-BA73-AD5CBF1D67C6}.Release|x86.Build.0 = Release|Any CPU
		{E6BD65C3-67F0-4DCE-AEA2-CFAD0FC7F29B}.Debug|Any CPU.ActiveCfg = Debug|Any CPU
		{E6BD65C3-67F0-4DCE-AEA2-CFAD0FC7F29B}.Debug|Any CPU.Build.0 = Debug|Any CPU
		{E6BD65C3-67F0-4DCE-AEA2-CFAD0FC7F29B}.Debug|x64.ActiveCfg = Debug|Any CPU
		{E6BD65C3-67F0-4DCE-AEA2-CFAD0FC7F29B}.Debug|x64.Build.0 = Debug|Any CPU
		{E6BD65C3-67F0-4DCE-AEA2-CFAD0FC7F29B}.Debug|x86.ActiveCfg = Debug|Any CPU
		{E6BD65C3-67F0-4DCE-AEA2-CFAD0FC7F29B}.Debug|x86.Build.0 = Debug|Any CPU
		{E6BD65C3-67F0-4DCE-AEA2-CFAD0FC7F29B}.Release|Any CPU.ActiveCfg = Release|Any CPU
		{E6BD65C3-67F0-4DCE-AEA2-CFAD0FC7F29B}.Release|Any CPU.Build.0 = Release|Any CPU
		{E6BD65C3-67F0-4DCE-AEA2-CFAD0FC7F29B}.Release|x64.ActiveCfg = Release|Any CPU
		{E6BD65C3-67F0-4DCE-AEA2-CFAD0FC7F29B}.Release|x64.Build.0 = Release|Any CPU
		{E6BD65C3-67F0-4DCE-AEA2-CFAD0FC7F29B}.Release|x86.ActiveCfg = Release|Any CPU
		{E6BD65C3-67F0-4DCE-AEA2-CFAD0FC7F29B}.Release|x86.Build.0 = Release|Any CPU
		{2F0A3C5F-E3E0-4004-B848-6372C822C312}.Debug|Any CPU.ActiveCfg = Debug|Any CPU
		{2F0A3C5F-E3E0-4004-B848-6372C822C312}.Debug|Any CPU.Build.0 = Debug|Any CPU
		{2F0A3C5F-E3E0-4004-B848-6372C822C312}.Debug|x64.ActiveCfg = Debug|Any CPU
		{2F0A3C5F-E3E0-4004-B848-6372C822C312}.Debug|x64.Build.0 = Debug|Any CPU
		{2F0A3C5F-E3E0-4004-B848-6372C822C312}.Debug|x86.ActiveCfg = Debug|Any CPU
		{2F0A3C5F-E3E0-4004-B848-6372C822C312}.Debug|x86.Build.0 = Debug|Any CPU
		{2F0A3C5F-E3E0-4004-B848-6372C822C312}.Release|Any CPU.ActiveCfg = Release|Any CPU
		{2F0A3C5F-E3E0-4004-B848-6372C822C312}.Release|Any CPU.Build.0 = Release|Any CPU
		{2F0A3C5F-E3E0-4004-B848-6372C822C312}.Release|x64.ActiveCfg = Release|Any CPU
		{2F0A3C5F-E3E0-4004-B848-6372C822C312}.Release|x64.Build.0 = Release|Any CPU
		{2F0A3C5F-E3E0-4004-B848-6372C822C312}.Release|x86.ActiveCfg = Release|Any CPU
		{2F0A3C5F-E3E0-4004-B848-6372C822C312}.Release|x86.Build.0 = Release|Any CPU
		{FECE6EC4-0110-433A-A74B-D99EACC61F6B}.Debug|Any CPU.ActiveCfg = Debug|Any CPU
		{FECE6EC4-0110-433A-A74B-D99EACC61F6B}.Debug|Any CPU.Build.0 = Debug|Any CPU
		{FECE6EC4-0110-433A-A74B-D99EACC61F6B}.Debug|x64.ActiveCfg = Debug|Any CPU
		{FECE6EC4-0110-433A-A74B-D99EACC61F6B}.Debug|x64.Build.0 = Debug|Any CPU
		{FECE6EC4-0110-433A-A74B-D99EACC61F6B}.Debug|x86.ActiveCfg = Debug|Any CPU
		{FECE6EC4-0110-433A-A74B-D99EACC61F6B}.Debug|x86.Build.0 = Debug|Any CPU
		{FECE6EC4-0110-433A-A74B-D99EACC61F6B}.Release|Any CPU.ActiveCfg = Release|Any CPU
		{FECE6EC4-0110-433A-A74B-D99EACC61F6B}.Release|Any CPU.Build.0 = Release|Any CPU
		{FECE6EC4-0110-433A-A74B-D99EACC61F6B}.Release|x64.ActiveCfg = Release|Any CPU
		{FECE6EC4-0110-433A-A74B-D99EACC61F6B}.Release|x64.Build.0 = Release|Any CPU
		{FECE6EC4-0110-433A-A74B-D99EACC61F6B}.Release|x86.ActiveCfg = Release|Any CPU
		{FECE6EC4-0110-433A-A74B-D99EACC61F6B}.Release|x86.Build.0 = Release|Any CPU
		{C13866AC-A459-4F48-9775-FE0F6552961B}.Debug|Any CPU.ActiveCfg = Debug|Any CPU
		{C13866AC-A459-4F48-9775-FE0F6552961B}.Debug|Any CPU.Build.0 = Debug|Any CPU
		{C13866AC-A459-4F48-9775-FE0F6552961B}.Debug|x64.ActiveCfg = Debug|Any CPU
		{C13866AC-A459-4F48-9775-FE0F6552961B}.Debug|x64.Build.0 = Debug|Any CPU
		{C13866AC-A459-4F48-9775-FE0F6552961B}.Debug|x86.ActiveCfg = Debug|Any CPU
		{C13866AC-A459-4F48-9775-FE0F6552961B}.Debug|x86.Build.0 = Debug|Any CPU
		{C13866AC-A459-4F48-9775-FE0F6552961B}.Release|Any CPU.ActiveCfg = Release|Any CPU
		{C13866AC-A459-4F48-9775-FE0F6552961B}.Release|Any CPU.Build.0 = Release|Any CPU
		{C13866AC-A459-4F48-9775-FE0F6552961B}.Release|x64.ActiveCfg = Release|Any CPU
		{C13866AC-A459-4F48-9775-FE0F6552961B}.Release|x64.Build.0 = Release|Any CPU
		{C13866AC-A459-4F48-9775-FE0F6552961B}.Release|x86.ActiveCfg = Release|Any CPU
		{C13866AC-A459-4F48-9775-FE0F6552961B}.Release|x86.Build.0 = Release|Any CPU
		{7D3B15D4-52EC-43A8-B3B0-F2F28D7E1353}.Debug|Any CPU.ActiveCfg = Debug|Any CPU
		{7D3B15D4-52EC-43A8-B3B0-F2F28D7E1353}.Debug|Any CPU.Build.0 = Debug|Any CPU
		{7D3B15D4-52EC-43A8-B3B0-F2F28D7E1353}.Debug|x64.ActiveCfg = Debug|Any CPU
		{7D3B15D4-52EC-43A8-B3B0-F2F28D7E1353}.Debug|x64.Build.0 = Debug|Any CPU
		{7D3B15D4-52EC-43A8-B3B0-F2F28D7E1353}.Debug|x86.ActiveCfg = Debug|Any CPU
		{7D3B15D4-52EC-43A8-B3B0-F2F28D7E1353}.Debug|x86.Build.0 = Debug|Any CPU
		{7D3B15D4-52EC-43A8-B3B0-F2F28D7E1353}.Release|Any CPU.ActiveCfg = Release|Any CPU
		{7D3B15D4-52EC-43A8-B3B0-F2F28D7E1353}.Release|Any CPU.Build.0 = Release|Any CPU
		{7D3B15D4-52EC-43A8-B3B0-F2F28D7E1353}.Release|x64.ActiveCfg = Release|Any CPU
		{7D3B15D4-52EC-43A8-B3B0-F2F28D7E1353}.Release|x64.Build.0 = Release|Any CPU
		{7D3B15D4-52EC-43A8-B3B0-F2F28D7E1353}.Release|x86.ActiveCfg = Release|Any CPU
		{7D3B15D4-52EC-43A8-B3B0-F2F28D7E1353}.Release|x86.Build.0 = Release|Any CPU
		{C91C6BE8-4487-4FA4-AFC3-7202957ACA77}.Debug|Any CPU.ActiveCfg = Debug|Any CPU
		{C91C6BE8-4487-4FA4-AFC3-7202957ACA77}.Debug|Any CPU.Build.0 = Debug|Any CPU
		{C91C6BE8-4487-4FA4-AFC3-7202957ACA77}.Debug|x64.ActiveCfg = Debug|Any CPU
		{C91C6BE8-4487-4FA4-AFC3-7202957ACA77}.Debug|x64.Build.0 = Debug|Any CPU
		{C91C6BE8-4487-4FA4-AFC3-7202957ACA77}.Debug|x86.ActiveCfg = Debug|Any CPU
		{C91C6BE8-4487-4FA4-AFC3-7202957ACA77}.Debug|x86.Build.0 = Debug|Any CPU
		{C91C6BE8-4487-4FA4-AFC3-7202957ACA77}.Release|Any CPU.ActiveCfg = Release|Any CPU
		{C91C6BE8-4487-4FA4-AFC3-7202957ACA77}.Release|Any CPU.Build.0 = Release|Any CPU
		{C91C6BE8-4487-4FA4-AFC3-7202957ACA77}.Release|x64.ActiveCfg = Release|Any CPU
		{C91C6BE8-4487-4FA4-AFC3-7202957ACA77}.Release|x64.Build.0 = Release|Any CPU
		{C91C6BE8-4487-4FA4-AFC3-7202957ACA77}.Release|x86.ActiveCfg = Release|Any CPU
		{C91C6BE8-4487-4FA4-AFC3-7202957ACA77}.Release|x86.Build.0 = Release|Any CPU
	EndGlobalSection
	GlobalSection(SolutionProperties) = preSolution
		HideSolutionNode = FALSE
	EndGlobalSection
	GlobalSection(NestedProjects) = preSolution
		{8FFA600A-B7C0-4A08-8690-CEFA8C0CEBBF} = {6807A600-E17F-11EB-930E-B9A750D8AD58}
		{98A30F48-E48B-47D2-AB90-F779323C901A} = {D1C73510-E1AC-11EB-BDA8-5B6307CF2F04}
		{C522BD6E-D9C8-433F-B565-B9B17470C7BE} = {AF0B50F0-E180-11EB-930E-B9A750D8AD58}
		{4C42795E-3D46-4EFA-B9D8-8BCC6D1EF472} = {AF0B50F0-E180-11EB-930E-B9A750D8AD58}
		{58F3C407-D0E0-401C-9A3B-AF4B97988028} = {D1C73510-E1AC-11EB-BDA8-5B6307CF2F04}
		{5A14198B-CEFF-4261-8E2D-463924F7B79F} = {D1C73510-E1AC-11EB-BDA8-5B6307CF2F04}
		{423D2933-425C-4F1B-BA73-AD5CBF1D67C6} = {D1C73510-E1AC-11EB-BDA8-5B6307CF2F04}
		{E6BD65C3-67F0-4DCE-AEA2-CFAD0FC7F29B} = {220BC610-E50B-11EB-8FD5-1196639B940D}
		{2F0A3C5F-E3E0-4004-B848-6372C822C312} = {220BC610-E50B-11EB-8FD5-1196639B940D}
		{FECE6EC4-0110-433A-A74B-D99EACC61F6B} = {AF0B50F0-E180-11EB-930E-B9A750D8AD58}
		{C13866AC-A459-4F48-9775-FE0F6552961B} = {D1C73510-E1AC-11EB-BDA8-5B6307CF2F04}
		{7D3B15D4-52EC-43A8-B3B0-F2F28D7E1353} = {220BC610-E50B-11EB-8FD5-1196639B940D}
		{C91C6BE8-4487-4FA4-AFC3-7202957ACA77} = {AF0B50F0-E180-11EB-930E-B9A750D8AD58}
	EndGlobalSection
	GlobalSection(ExtensibilityGlobals) = postSolution
		SolutionGuid = {29BC436A-1400-4782-9AAC-875A2A886633}
	EndGlobalSection
EndGlobal
