
Microsoft Visual Studio Solution File, Format Version 12.00
# Visual Studio Version 17
VisualStudioVersion = 17.0.32112.339
MinimumVisualStudioVersion = 10.0.40219.1
Project("{FAE04EC0-301F-11D3-BF4B-00C04F79EFBC}") = "CodeGenerator", "CodeGenerator.csproj", "{A978C3B8-1782-45AF-9311-4757F6846E36}"
EndProject
Global
	GlobalSection(SolutionConfigurationPlatforms) = preSolution
		Debug|Any CPU = Debug|Any CPU
		Release|Any CPU = Release|Any CPU
	EndGlobalSection
	GlobalSection(ProjectConfigurationPlatforms) = postSolution
		{A978C3B8-1782-45AF-9311-4757F6846E36}.Debug|Any CPU.ActiveCfg = Debug|Any CPU
		{A978C3B8-1782-45AF-9311-4757F6846E36}.Debug|Any CPU.Build.0 = Debug|Any CPU
		{A978C3B8-1782-45AF-9311-4757F6846E36}.Release|Any CPU.ActiveCfg = Release|Any CPU
		{A978C3B8-1782-45AF-9311-4757F6846E36}.Release|Any CPU.Build.0 = Release|Any CPU
	EndGlobalSection
	GlobalSection(SolutionProperties) = preSolution
		HideSolutionNode = FALSE
	EndGlobalSection
	GlobalSection(ExtensibilityGlobals) = postSolution
		SolutionGuid = {84032AB4-54FC-4C0E-BC43-91781C87F17E}
	EndGlobalSection
EndGlobal
